
Microsoft Visual Studio Solution File, Format Version 12.00
# Visual Studio 15
VisualStudioVersion = 15.0.26430.16
MinimumVisualStudioVersion = 10.0.40219.1
Project("{FAE04EC0-301F-11D3-BF4B-00C04F79EFBC}") = "My Seen Library", "MySeenLib\My Seen Library.csproj", "{D7761030-BBF7-467B-A41D-3D215396FD72}"
EndProject
Project("{2150E333-8FDC-42A3-9474-1A3956D46DE8}") = "Solution Items", "Solution Items", "{632016C7-72D2-4EDD-AC2E-1A41D2B3EDCD}"
	ProjectSection(SolutionItems) = preProject
		readme.txt = readme.txt
		Tools.txt = Tools.txt
	EndProjectSection
EndProject
Project("{FAE04EC0-301F-11D3-BF4B-00C04F79EFBC}") = "My Seen Web", "MySeenWeb\My Seen Web.csproj", "{6B454E56-EE36-466F-B202-42291456E8FA}"
EndProject
Project("{2150E333-8FDC-42A3-9474-1A3956D46DE8}") = ".nuget", ".nuget", "{6420D087-58A3-4388-96B9-1AF2BB94245F}"
	ProjectSection(SolutionItems) = preProject
		.nuget\NuGet.Config = .nuget\NuGet.Config
		.nuget\NuGet.exe = .nuget\NuGet.exe
		.nuget\NuGet.targets = .nuget\NuGet.targets
	EndProjectSection
EndProject
Project("{FAE04EC0-301F-11D3-BF4B-00C04F79EFBC}") = "My Seen Web.Tests", "My Seen WebTests\My Seen Web.Tests.csproj", "{581684EC-F174-4D0D-ABFF-E71FB46DCF79}"
EndProject
Project("{FAE04EC0-301F-11D3-BF4B-00C04F79EFBC}") = "My Seen Chrome Extension", "My Seen Chrome Extension\My Seen Chrome Extension.csproj", "{9D141603-1A9D-4EEC-82D8-C473EA436839}"
EndProject
Project("{FAE04EC0-301F-11D3-BF4B-00C04F79EFBC}") = "My Seen Resources", "MySeenResources\My Seen Resources.csproj", "{DFFE460F-E272-4D24-8CB8-FEB02559FAE2}"
EndProject
Project("{FAE04EC0-301F-11D3-BF4B-00C04F79EFBC}") = "My Seen Library.Tests", "My Seen LibraryTests\My Seen Library.Tests.csproj", "{0CB8BE39-850F-4BDF-AB12-77748EE843BC}"
EndProject
Global
	GlobalSection(SolutionConfigurationPlatforms) = preSolution
		Debug|Any CPU = Debug|Any CPU
		Release|Any CPU = Release|Any CPU
	EndGlobalSection
	GlobalSection(ProjectConfigurationPlatforms) = postSolution
		{D7761030-BBF7-467B-A41D-3D215396FD72}.Debug|Any CPU.ActiveCfg = Debug|Any CPU
		{D7761030-BBF7-467B-A41D-3D215396FD72}.Debug|Any CPU.Build.0 = Debug|Any CPU
		{D7761030-BBF7-467B-A41D-3D215396FD72}.Release|Any CPU.ActiveCfg = Release|Any CPU
		{D7761030-BBF7-467B-A41D-3D215396FD72}.Release|Any CPU.Build.0 = Release|Any CPU
		{6B454E56-EE36-466F-B202-42291456E8FA}.Debug|Any CPU.ActiveCfg = Debug|Any CPU
		{6B454E56-EE36-466F-B202-42291456E8FA}.Debug|Any CPU.Build.0 = Debug|Any CPU
		{6B454E56-EE36-466F-B202-42291456E8FA}.Release|Any CPU.ActiveCfg = Release|Any CPU
		{6B454E56-EE36-466F-B202-42291456E8FA}.Release|Any CPU.Build.0 = Release|Any CPU
		{581684EC-F174-4D0D-ABFF-E71FB46DCF79}.Debug|Any CPU.ActiveCfg = Debug|Any CPU
		{581684EC-F174-4D0D-ABFF-E71FB46DCF79}.Debug|Any CPU.Build.0 = Debug|Any CPU
		{581684EC-F174-4D0D-ABFF-E71FB46DCF79}.Release|Any CPU.ActiveCfg = Release|Any CPU
		{581684EC-F174-4D0D-ABFF-E71FB46DCF79}.Release|Any CPU.Build.0 = Release|Any CPU
		{9D141603-1A9D-4EEC-82D8-C473EA436839}.Debug|Any CPU.ActiveCfg = Debug|Any CPU
		{9D141603-1A9D-4EEC-82D8-C473EA436839}.Debug|Any CPU.Build.0 = Debug|Any CPU
		{9D141603-1A9D-4EEC-82D8-C473EA436839}.Release|Any CPU.ActiveCfg = Release|Any CPU
		{9D141603-1A9D-4EEC-82D8-C473EA436839}.Release|Any CPU.Build.0 = Release|Any CPU
		{DFFE460F-E272-4D24-8CB8-FEB02559FAE2}.Debug|Any CPU.ActiveCfg = Debug|Any CPU
		{DFFE460F-E272-4D24-8CB8-FEB02559FAE2}.Debug|Any CPU.Build.0 = Debug|Any CPU
		{DFFE460F-E272-4D24-8CB8-FEB02559FAE2}.Release|Any CPU.ActiveCfg = Release|Any CPU
		{DFFE460F-E272-4D24-8CB8-FEB02559FAE2}.Release|Any CPU.Build.0 = Release|Any CPU
		{0CB8BE39-850F-4BDF-AB12-77748EE843BC}.Debug|Any CPU.ActiveCfg = Debug|Any CPU
		{0CB8BE39-850F-4BDF-AB12-77748EE843BC}.Debug|Any CPU.Build.0 = Debug|Any CPU
		{0CB8BE39-850F-4BDF-AB12-77748EE843BC}.Release|Any CPU.ActiveCfg = Release|Any CPU
		{0CB8BE39-850F-4BDF-AB12-77748EE843BC}.Release|Any CPU.Build.0 = Release|Any CPU
	EndGlobalSection
	GlobalSection(SolutionProperties) = preSolution
		HideSolutionNode = FALSE
	EndGlobalSection
EndGlobal
