
Microsoft Visual Studio Solution File, Format Version 12.00
# Visual Studio 2013
VisualStudioVersion = 12.0.40629.0
MinimumVisualStudioVersion = 10.0.40219.1
Project("{FAE04EC0-301F-11D3-BF4B-00C04F79EFBC}") = "My Seen", "My Seen\My Seen.csproj", "{66387E45-307A-4637-83F9-751AAA312AFB}"
EndProject
Project("{FAE04EC0-301F-11D3-BF4B-00C04F79EFBC}") = "MySeenLib", "MySeenLib\MySeenLib.csproj", "{D7761030-BBF7-467B-A41D-3D215396FD72}"
EndProject
Project("{2150E333-8FDC-42A3-9474-1A3956D46DE8}") = "Solution Items", "Solution Items", "{632016C7-72D2-4EDD-AC2E-1A41D2B3EDCD}"
	ProjectSection(SolutionItems) = preProject
		readme.txt = readme.txt
	EndProjectSection
EndProject
Global
	GlobalSection(SolutionConfigurationPlatforms) = preSolution
		Debug|Any CPU = Debug|Any CPU
		Release|Any CPU = Release|Any CPU
	EndGlobalSection
	GlobalSection(ProjectConfigurationPlatforms) = postSolution
		{66387E45-307A-4637-83F9-751AAA312AFB}.Debug|Any CPU.ActiveCfg = Debug|Any CPU
		{66387E45-307A-4637-83F9-751AAA312AFB}.Debug|Any CPU.Build.0 = Debug|Any CPU
		{66387E45-307A-4637-83F9-751AAA312AFB}.Release|Any CPU.ActiveCfg = Release|Any CPU
		{66387E45-307A-4637-83F9-751AAA312AFB}.Release|Any CPU.Build.0 = Release|Any CPU
		{D7761030-BBF7-467B-A41D-3D215396FD72}.Debug|Any CPU.ActiveCfg = Debug|Any CPU
		{D7761030-BBF7-467B-A41D-3D215396FD72}.Debug|Any CPU.Build.0 = Debug|Any CPU
		{D7761030-BBF7-467B-A41D-3D215396FD72}.Release|Any CPU.ActiveCfg = Release|Any CPU
		{D7761030-BBF7-467B-A41D-3D215396FD72}.Release|Any CPU.Build.0 = Release|Any CPU
	EndGlobalSection
	GlobalSection(SolutionProperties) = preSolution
		HideSolutionNode = FALSE
	EndGlobalSection
EndGlobal
